// !$*UTF8*$!
{
	archiveVersion = 1;
	classes = {
	};
	objectVersion = 50;
	objects = {

/* Begin PBXBuildFile section */
		020824B526B9EF0E00F087A0 /* AppDelegate.swift in Sources */ = {isa = PBXBuildFile; fileRef = 020824B426B9EF0E00F087A0 /* AppDelegate.swift */; };
		020824B726B9EF0E00F087A0 /* SceneDelegate.swift in Sources */ = {isa = PBXBuildFile; fileRef = 020824B626B9EF0E00F087A0 /* SceneDelegate.swift */; };
		020824B926B9EF0E00F087A0 /* ViewController.swift in Sources */ = {isa = PBXBuildFile; fileRef = 020824B826B9EF0E00F087A0 /* ViewController.swift */; };
		020824BC26B9EF0E00F087A0 /* Main.storyboard in Resources */ = {isa = PBXBuildFile; fileRef = 020824BA26B9EF0E00F087A0 /* Main.storyboard */; };
		020824BF26B9EF0E00F087A0 /* ecoGifts.xcdatamodeld in Sources */ = {isa = PBXBuildFile; fileRef = 020824BD26B9EF0E00F087A0 /* ecoGifts.xcdatamodeld */; };
		020824C126B9EF1000F087A0 /* Assets.xcassets in Resources */ = {isa = PBXBuildFile; fileRef = 020824C026B9EF1000F087A0 /* Assets.xcassets */; };
		020824C426B9EF1000F087A0 /* LaunchScreen.storyboard in Resources */ = {isa = PBXBuildFile; fileRef = 020824C226B9EF1000F087A0 /* LaunchScreen.storyboard */; };
		020824CF26B9EF1000F087A0 /* ecoGiftsTests.swift in Sources */ = {isa = PBXBuildFile; fileRef = 020824CE26B9EF1000F087A0 /* ecoGiftsTests.swift */; };
		020824DA26B9EF1000F087A0 /* ecoGiftsUITests.swift in Sources */ = {isa = PBXBuildFile; fileRef = 020824D926B9EF1000F087A0 /* ecoGiftsUITests.swift */; };
/* End PBXBuildFile section */

/* Begin PBXContainerItemProxy section */
		020824CB26B9EF1000F087A0 /* PBXContainerItemProxy */ = {
			isa = PBXContainerItemProxy;
			containerPortal = 020824A926B9EF0E00F087A0 /* Project object */;
			proxyType = 1;
			remoteGlobalIDString = 020824B026B9EF0E00F087A0;
			remoteInfo = ecoGifts;
		};
		020824D626B9EF1000F087A0 /* PBXContainerItemProxy */ = {
			isa = PBXContainerItemProxy;
			containerPortal = 020824A926B9EF0E00F087A0 /* Project object */;
			proxyType = 1;
			remoteGlobalIDString = 020824B026B9EF0E00F087A0;
			remoteInfo = ecoGifts;
		};
/* End PBXContainerItemProxy section */

/* Begin PBXFileReference section */
		020824B126B9EF0E00F087A0 /* ecoGifts.app */ = {isa = PBXFileReference; explicitFileType = wrapper.application; includeInIndex = 0; path = ecoGifts.app; sourceTree = BUILT_PRODUCTS_DIR; };
		020824B426B9EF0E00F087A0 /* AppDelegate.swift */ = {isa = PBXFileReference; lastKnownFileType = sourcecode.swift; path = AppDelegate.swift; sourceTree = "<group>"; };
		020824B626B9EF0E00F087A0 /* SceneDelegate.swift */ = {isa = PBXFileReference; lastKnownFileType = sourcecode.swift; path = SceneDelegate.swift; sourceTree = "<group>"; };
		020824B826B9EF0E00F087A0 /* ViewController.swift */ = {isa = PBXFileReference; lastKnownFileType = sourcecode.swift; path = ViewController.swift; sourceTree = "<group>"; };
		020824BB26B9EF0E00F087A0 /* Base */ = {isa = PBXFileReference; lastKnownFileType = file.storyboard; name = Base; path = Base.lproj/Main.storyboard; sourceTree = "<group>"; };
		020824BE26B9EF0E00F087A0 /* ecoGifts.xcdatamodel */ = {isa = PBXFileReference; lastKnownFileType = wrapper.xcdatamodel; path = ecoGifts.xcdatamodel; sourceTree = "<group>"; };
		020824C026B9EF1000F087A0 /* Assets.xcassets */ = {isa = PBXFileReference; lastKnownFileType = folder.assetcatalog; path = Assets.xcassets; sourceTree = "<group>"; };
		020824C326B9EF1000F087A0 /* Base */ = {isa = PBXFileReference; lastKnownFileType = file.storyboard; name = Base; path = Base.lproj/LaunchScreen.storyboard; sourceTree = "<group>"; };
		020824C526B9EF1000F087A0 /* Info.plist */ = {isa = PBXFileReference; lastKnownFileType = text.plist.xml; path = Info.plist; sourceTree = "<group>"; };
		020824CA26B9EF1000F087A0 /* ecoGiftsTests.xctest */ = {isa = PBXFileReference; explicitFileType = wrapper.cfbundle; includeInIndex = 0; path = ecoGiftsTests.xctest; sourceTree = BUILT_PRODUCTS_DIR; };
		020824CE26B9EF1000F087A0 /* ecoGiftsTests.swift */ = {isa = PBXFileReference; lastKnownFileType = sourcecode.swift; path = ecoGiftsTests.swift; sourceTree = "<group>"; };
		020824D026B9EF1000F087A0 /* Info.plist */ = {isa = PBXFileReference; lastKnownFileType = text.plist.xml; path = Info.plist; sourceTree = "<group>"; };
		020824D526B9EF1000F087A0 /* ecoGiftsUITests.xctest */ = {isa = PBXFileReference; explicitFileType = wrapper.cfbundle; includeInIndex = 0; path = ecoGiftsUITests.xctest; sourceTree = BUILT_PRODUCTS_DIR; };
		020824D926B9EF1000F087A0 /* ecoGiftsUITests.swift */ = {isa = PBXFileReference; lastKnownFileType = sourcecode.swift; path = ecoGiftsUITests.swift; sourceTree = "<group>"; };
		020824DB26B9EF1000F087A0 /* Info.plist */ = {isa = PBXFileReference; lastKnownFileType = text.plist.xml; path = Info.plist; sourceTree = "<group>"; };
/* End PBXFileReference section */

/* Begin PBXFrameworksBuildPhase section */
		020824AE26B9EF0E00F087A0 /* Frameworks */ = {
			isa = PBXFrameworksBuildPhase;
			buildActionMask = 2147483647;
			files = (
			);
			runOnlyForDeploymentPostprocessing = 0;
		};
		020824C726B9EF1000F087A0 /* Frameworks */ = {
			isa = PBXFrameworksBuildPhase;
			buildActionMask = 2147483647;
			files = (
			);
			runOnlyForDeploymentPostprocessing = 0;
		};
		020824D226B9EF1000F087A0 /* Frameworks */ = {
			isa = PBXFrameworksBuildPhase;
			buildActionMask = 2147483647;
			files = (
			);
			runOnlyForDeploymentPostprocessing = 0;
		};
/* End PBXFrameworksBuildPhase section */

/* Begin PBXGroup section */
		020824A826B9EF0E00F087A0 = {
			isa = PBXGroup;
			children = (
				020824B326B9EF0E00F087A0 /* ecoGifts */,
				020824CD26B9EF1000F087A0 /* ecoGiftsTests */,
				020824D826B9EF1000F087A0 /* ecoGiftsUITests */,
				020824B226B9EF0E00F087A0 /* Products */,
			);
			sourceTree = "<group>";
		};
		020824B226B9EF0E00F087A0 /* Products */ = {
			isa = PBXGroup;
			children = (
				020824B126B9EF0E00F087A0 /* ecoGifts.app */,
				020824CA26B9EF1000F087A0 /* ecoGiftsTests.xctest */,
				020824D526B9EF1000F087A0 /* ecoGiftsUITests.xctest */,
			);
			name = Products;
			sourceTree = "<group>";
		};
		020824B326B9EF0E00F087A0 /* ecoGifts */ = {
			isa = PBXGroup;
			children = (
				020824B426B9EF0E00F087A0 /* AppDelegate.swift */,
				020824B626B9EF0E00F087A0 /* SceneDelegate.swift */,
				020824B826B9EF0E00F087A0 /* ViewController.swift */,
				020824BA26B9EF0E00F087A0 /* Main.storyboard */,
				020824C026B9EF1000F087A0 /* Assets.xcassets */,
				020824C226B9EF1000F087A0 /* LaunchScreen.storyboard */,
				020824C526B9EF1000F087A0 /* Info.plist */,
				020824BD26B9EF0E00F087A0 /* ecoGifts.xcdatamodeld */,
			);
			path = ecoGifts;
			sourceTree = "<group>";
		};
		020824CD26B9EF1000F087A0 /* ecoGiftsTests */ = {
			isa = PBXGroup;
			children = (
				020824CE26B9EF1000F087A0 /* ecoGiftsTests.swift */,
				020824D026B9EF1000F087A0 /* Info.plist */,
			);
			path = ecoGiftsTests;
			sourceTree = "<group>";
		};
		020824D826B9EF1000F087A0 /* ecoGiftsUITests */ = {
			isa = PBXGroup;
			children = (
				020824D926B9EF1000F087A0 /* ecoGiftsUITests.swift */,
				020824DB26B9EF1000F087A0 /* Info.plist */,
			);
			path = ecoGiftsUITests;
			sourceTree = "<group>";
		};
/* End PBXGroup section */

/* Begin PBXNativeTarget section */
		020824B026B9EF0E00F087A0 /* ecoGifts */ = {
			isa = PBXNativeTarget;
			buildConfigurationList = 020824DE26B9EF1000F087A0 /* Build configuration list for PBXNativeTarget "ecoGifts" */;
			buildPhases = (
				020824AD26B9EF0E00F087A0 /* Sources */,
				020824AE26B9EF0E00F087A0 /* Frameworks */,
				020824AF26B9EF0E00F087A0 /* Resources */,
			);
			buildRules = (
			);
			dependencies = (
			);
			name = ecoGifts;
			productName = ecoGifts;
			productReference = 020824B126B9EF0E00F087A0 /* ecoGifts.app */;
			productType = "com.apple.product-type.application";
		};
		020824C926B9EF1000F087A0 /* ecoGiftsTests */ = {
			isa = PBXNativeTarget;
			buildConfigurationList = 020824E126B9EF1000F087A0 /* Build configuration list for PBXNativeTarget "ecoGiftsTests" */;
			buildPhases = (
				020824C626B9EF1000F087A0 /* Sources */,
				020824C726B9EF1000F087A0 /* Frameworks */,
				020824C826B9EF1000F087A0 /* Resources */,
			);
			buildRules = (
			);
			dependencies = (
				020824CC26B9EF1000F087A0 /* PBXTargetDependency */,
			);
			name = ecoGiftsTests;
			productName = ecoGiftsTests;
			productReference = 020824CA26B9EF1000F087A0 /* ecoGiftsTests.xctest */;
			productType = "com.apple.product-type.bundle.unit-test";
		};
		020824D426B9EF1000F087A0 /* ecoGiftsUITests */ = {
			isa = PBXNativeTarget;
			buildConfigurationList = 020824E426B9EF1000F087A0 /* Build configuration list for PBXNativeTarget "ecoGiftsUITests" */;
			buildPhases = (
				020824D126B9EF1000F087A0 /* Sources */,
				020824D226B9EF1000F087A0 /* Frameworks */,
				020824D326B9EF1000F087A0 /* Resources */,
			);
			buildRules = (
			);
			dependencies = (
				020824D726B9EF1000F087A0 /* PBXTargetDependency */,
			);
			name = ecoGiftsUITests;
			productName = ecoGiftsUITests;
			productReference = 020824D526B9EF1000F087A0 /* ecoGiftsUITests.xctest */;
			productType = "com.apple.product-type.bundle.ui-testing";
		};
/* End PBXNativeTarget section */

/* Begin PBXProject section */
		020824A926B9EF0E00F087A0 /* Project object */ = {
			isa = PBXProject;
			attributes = {
				LastSwiftUpdateCheck = 1250;
				LastUpgradeCheck = 1250;
				TargetAttributes = {
					020824B026B9EF0E00F087A0 = {
						CreatedOnToolsVersion = 12.5.1;
					};
					020824C926B9EF1000F087A0 = {
						CreatedOnToolsVersion = 12.5.1;
						TestTargetID = 020824B026B9EF0E00F087A0;
					};
					020824D426B9EF1000F087A0 = {
						CreatedOnToolsVersion = 12.5.1;
						TestTargetID = 020824B026B9EF0E00F087A0;
					};
				};
			};
			buildConfigurationList = 020824AC26B9EF0E00F087A0 /* Build configuration list for PBXProject "ecoGifts" */;
			compatibilityVersion = "Xcode 9.3";
			developmentRegion = en;
			hasScannedForEncodings = 0;
			knownRegions = (
				en,
				Base,
			);
			mainGroup = 020824A826B9EF0E00F087A0;
			productRefGroup = 020824B226B9EF0E00F087A0 /* Products */;
			projectDirPath = "";
			projectRoot = "";
			targets = (
				020824B026B9EF0E00F087A0 /* ecoGifts */,
				020824C926B9EF1000F087A0 /* ecoGiftsTests */,
				020824D426B9EF1000F087A0 /* ecoGiftsUITests */,
			);
		};
/* End PBXProject section */

/* Begin PBXResourcesBuildPhase section */
		020824AF26B9EF0E00F087A0 /* Resources */ = {
			isa = PBXResourcesBuildPhase;
			buildActionMask = 2147483647;
			files = (
				020824C426B9EF1000F087A0 /* LaunchScreen.storyboard in Resources */,
				020824C126B9EF1000F087A0 /* Assets.xcassets in Resources */,
				020824BC26B9EF0E00F087A0 /* Main.storyboard in Resources */,
			);
			runOnlyForDeploymentPostprocessing = 0;
		};
		020824C826B9EF1000F087A0 /* Resources */ = {
			isa = PBXResourcesBuildPhase;
			buildActionMask = 2147483647;
			files = (
			);
			runOnlyForDeploymentPostprocessing = 0;
		};
		020824D326B9EF1000F087A0 /* Resources */ = {
			isa = PBXResourcesBuildPhase;
			buildActionMask = 2147483647;
			files = (
			);
			runOnlyForDeploymentPostprocessing = 0;
		};
/* End PBXResourcesBuildPhase section */

/* Begin PBXSourcesBuildPhase section */
		020824AD26B9EF0E00F087A0 /* Sources */ = {
			isa = PBXSourcesBuildPhase;
			buildActionMask = 2147483647;
			files = (
				020824B926B9EF0E00F087A0 /* ViewController.swift in Sources */,
				020824BF26B9EF0E00F087A0 /* ecoGifts.xcdatamodeld in Sources */,
				020824B526B9EF0E00F087A0 /* AppDelegate.swift in Sources */,
				020824B726B9EF0E00F087A0 /* SceneDelegate.swift in Sources */,
			);
			runOnlyForDeploymentPostprocessing = 0;
		};
		020824C626B9EF1000F087A0 /* Sources */ = {
			isa = PBXSourcesBuildPhase;
			buildActionMask = 2147483647;
			files = (
				020824CF26B9EF1000F087A0 /* ecoGiftsTests.swift in Sources */,
			);
			runOnlyForDeploymentPostprocessing = 0;
		};
		020824D126B9EF1000F087A0 /* Sources */ = {
			isa = PBXSourcesBuildPhase;
			buildActionMask = 2147483647;
			files = (
				020824DA26B9EF1000F087A0 /* ecoGiftsUITests.swift in Sources */,
			);
			runOnlyForDeploymentPostprocessing = 0;
		};
/* End PBXSourcesBuildPhase section */

/* Begin PBXTargetDependency section */
		020824CC26B9EF1000F087A0 /* PBXTargetDependency */ = {
			isa = PBXTargetDependency;
			target = 020824B026B9EF0E00F087A0 /* ecoGifts */;
			targetProxy = 020824CB26B9EF1000F087A0 /* PBXContainerItemProxy */;
		};
		020824D726B9EF1000F087A0 /* PBXTargetDependency */ = {
			isa = PBXTargetDependency;
			target = 020824B026B9EF0E00F087A0 /* ecoGifts */;
			targetProxy = 020824D626B9EF1000F087A0 /* PBXContainerItemProxy */;
		};
/* End PBXTargetDependency section */

/* Begin PBXVariantGroup section */
		020824BA26B9EF0E00F087A0 /* Main.storyboard */ = {
			isa = PBXVariantGroup;
			children = (
				020824BB26B9EF0E00F087A0 /* Base */,
			);
			name = Main.storyboard;
			sourceTree = "<group>";
		};
		020824C226B9EF1000F087A0 /* LaunchScreen.storyboard */ = {
			isa = PBXVariantGroup;
			children = (
				020824C326B9EF1000F087A0 /* Base */,
			);
			name = LaunchScreen.storyboard;
			sourceTree = "<group>";
		};
/* End PBXVariantGroup section */

/* Begin XCBuildConfiguration section */
		020824DC26B9EF1000F087A0 /* Debug */ = {
			isa = XCBuildConfiguration;
			buildSettings = {
				ALWAYS_SEARCH_USER_PATHS = NO;
				CLANG_ANALYZER_NONNULL = YES;
				CLANG_ANALYZER_NUMBER_OBJECT_CONVERSION = YES_AGGRESSIVE;
				CLANG_CXX_LANGUAGE_STANDARD = "gnu++14";
				CLANG_CXX_LIBRARY = "libc++";
				CLANG_ENABLE_MODULES = YES;
				CLANG_ENABLE_OBJC_ARC = YES;
				CLANG_ENABLE_OBJC_WEAK = YES;
				CLANG_WARN_BLOCK_CAPTURE_AUTORELEASING = YES;
				CLANG_WARN_BOOL_CONVERSION = YES;
				CLANG_WARN_COMMA = YES;
				CLANG_WARN_CONSTANT_CONVERSION = YES;
				CLANG_WARN_DEPRECATED_OBJC_IMPLEMENTATIONS = YES;
				CLANG_WARN_DIRECT_OBJC_ISA_USAGE = YES_ERROR;
				CLANG_WARN_DOCUMENTATION_COMMENTS = YES;
				CLANG_WARN_EMPTY_BODY = YES;
				CLANG_WARN_ENUM_CONVERSION = YES;
				CLANG_WARN_INFINITE_RECURSION = YES;
				CLANG_WARN_INT_CONVERSION = YES;
				CLANG_WARN_NON_LITERAL_NULL_CONVERSION = YES;
				CLANG_WARN_OBJC_IMPLICIT_RETAIN_SELF = YES;
				CLANG_WARN_OBJC_LITERAL_CONVERSION = YES;
				CLANG_WARN_OBJC_ROOT_CLASS = YES_ERROR;
				CLANG_WARN_QUOTED_INCLUDE_IN_FRAMEWORK_HEADER = YES;
				CLANG_WARN_RANGE_LOOP_ANALYSIS = YES;
				CLANG_WARN_STRICT_PROTOTYPES = YES;
				CLANG_WARN_SUSPICIOUS_MOVE = YES;
				CLANG_WARN_UNGUARDED_AVAILABILITY = YES_AGGRESSIVE;
				CLANG_WARN_UNREACHABLE_CODE = YES;
				CLANG_WARN__DUPLICATE_METHOD_MATCH = YES;
				COPY_PHASE_STRIP = NO;
				DEBUG_INFORMATION_FORMAT = dwarf;
				ENABLE_STRICT_OBJC_MSGSEND = YES;
				ENABLE_TESTABILITY = YES;
				GCC_C_LANGUAGE_STANDARD = gnu11;
				GCC_DYNAMIC_NO_PIC = NO;
				GCC_NO_COMMON_BLOCKS = YES;
				GCC_OPTIMIZATION_LEVEL = 0;
				GCC_PREPROCESSOR_DEFINITIONS = (
					"DEBUG=1",
					"$(inherited)",
				);
				GCC_WARN_64_TO_32_BIT_CONVERSION = YES;
				GCC_WARN_ABOUT_RETURN_TYPE = YES_ERROR;
				GCC_WARN_UNDECLARED_SELECTOR = YES;
				GCC_WARN_UNINITIALIZED_AUTOS = YES_AGGRESSIVE;
				GCC_WARN_UNUSED_FUNCTION = YES;
				GCC_WARN_UNUSED_VARIABLE = YES;
				IPHONEOS_DEPLOYMENT_TARGET = 14.5;
				MTL_ENABLE_DEBUG_INFO = INCLUDE_SOURCE;
				MTL_FAST_MATH = YES;
				ONLY_ACTIVE_ARCH = YES;
				SDKROOT = iphoneos;
				SWIFT_ACTIVE_COMPILATION_CONDITIONS = DEBUG;
				SWIFT_OPTIMIZATION_LEVEL = "-Onone";
			};
			name = Debug;
		};
		020824DD26B9EF1000F087A0 /* Release */ = {
			isa = XCBuildConfiguration;
			buildSettings = {
				ALWAYS_SEARCH_USER_PATHS = NO;
				CLANG_ANALYZER_NONNULL = YES;
				CLANG_ANALYZER_NUMBER_OBJECT_CONVERSION = YES_AGGRESSIVE;
				CLANG_CXX_LANGUAGE_STANDARD = "gnu++14";
				CLANG_CXX_LIBRARY = "libc++";
				CLANG_ENABLE_MODULES = YES;
				CLANG_ENABLE_OBJC_ARC = YES;
				CLANG_ENABLE_OBJC_WEAK = YES;
				CLANG_WARN_BLOCK_CAPTURE_AUTORELEASING = YES;
				CLANG_WARN_BOOL_CONVERSION = YES;
				CLANG_WARN_COMMA = YES;
				CLANG_WARN_CONSTANT_CONVERSION = YES;
				CLANG_WARN_DEPRECATED_OBJC_IMPLEMENTATIONS = YES;
				CLANG_WARN_DIRECT_OBJC_ISA_USAGE = YES_ERROR;
				CLANG_WARN_DOCUMENTATION_COMMENTS = YES;
				CLANG_WARN_EMPTY_BODY = YES;
				CLANG_WARN_ENUM_CONVERSION = YES;
				CLANG_WARN_INFINITE_RECURSION = YES;
				CLANG_WARN_INT_CONVERSION = YES;
				CLANG_WARN_NON_LITERAL_NULL_CONVERSION = YES;
				CLANG_WARN_OBJC_IMPLICIT_RETAIN_SELF = YES;
				CLANG_WARN_OBJC_LITERAL_CONVERSION = YES;
				CLANG_WARN_OBJC_ROOT_CLASS = YES_ERROR;
				CLANG_WARN_QUOTED_INCLUDE_IN_FRAMEWORK_HEADER = YES;
				CLANG_WARN_RANGE_LOOP_ANALYSIS = YES;
				CLANG_WARN_STRICT_PROTOTYPES = YES;
				CLANG_WARN_SUSPICIOUS_MOVE = YES;
				CLANG_WARN_UNGUARDED_AVAILABILITY = YES_AGGRESSIVE;
				CLANG_WARN_UNREACHABLE_CODE = YES;
				CLANG_WARN__DUPLICATE_METHOD_MATCH = YES;
				COPY_PHASE_STRIP = NO;
				DEBUG_INFORMATION_FORMAT = "dwarf-with-dsym";
				ENABLE_NS_ASSERTIONS = NO;
				ENABLE_STRICT_OBJC_MSGSEND = YES;
				GCC_C_LANGUAGE_STANDARD = gnu11;
				GCC_NO_COMMON_BLOCKS = YES;
				GCC_WARN_64_TO_32_BIT_CONVERSION = YES;
				GCC_WARN_ABOUT_RETURN_TYPE = YES_ERROR;
				GCC_WARN_UNDECLARED_SELECTOR = YES;
				GCC_WARN_UNINITIALIZED_AUTOS = YES_AGGRESSIVE;
				GCC_WARN_UNUSED_FUNCTION = YES;
				GCC_WARN_UNUSED_VARIABLE = YES;
				IPHONEOS_DEPLOYMENT_TARGET = 14.5;
				MTL_ENABLE_DEBUG_INFO = NO;
				MTL_FAST_MATH = YES;
				SDKROOT = iphoneos;
				SWIFT_COMPILATION_MODE = wholemodule;
				SWIFT_OPTIMIZATION_LEVEL = "-O";
				VALIDATE_PRODUCT = YES;
			};
			name = Release;
		};
		020824DF26B9EF1000F087A0 /* Debug */ = {
			isa = XCBuildConfiguration;
			buildSettings = {
				ASSETCATALOG_COMPILER_APPICON_NAME = AppIcon;
				ASSETCATALOG_COMPILER_GLOBAL_ACCENT_COLOR_NAME = AccentColor;
				CODE_SIGN_STYLE = Automatic;
				DEVELOPMENT_TEAM = F235TS3Y5U;
				INFOPLIST_FILE = ecoGifts/Info.plist;
				LD_RUNPATH_SEARCH_PATHS = (
					"$(inherited)",
					"@executable_path/Frameworks",
				);
				PRODUCT_BUNDLE_IDENTIFIER = xyz.abbyfischler.ecoGifts;
				PRODUCT_NAME = "$(TARGET_NAME)";
				SWIFT_VERSION = 5.0;
				TARGETED_DEVICE_FAMILY = "1,2";
			};
			name = Debug;
		};
		020824E026B9EF1000F087A0 /* Release */ = {
			isa = XCBuildConfiguration;
			buildSettings = {
				ASSETCATALOG_COMPILER_APPICON_NAME = AppIcon;
				ASSETCATALOG_COMPILER_GLOBAL_ACCENT_COLOR_NAME = AccentColor;
				CODE_SIGN_STYLE = Automatic;
				DEVELOPMENT_TEAM = F235TS3Y5U;
				INFOPLIST_FILE = ecoGifts/Info.plist;
				LD_RUNPATH_SEARCH_PATHS = (
					"$(inherited)",
					"@executable_path/Frameworks",
				);
				PRODUCT_BUNDLE_IDENTIFIER = xyz.abbyfischler.ecoGifts;
				PRODUCT_NAME = "$(TARGET_NAME)";
				SWIFT_VERSION = 5.0;
				TARGETED_DEVICE_FAMILY = "1,2";
			};
			name = Release;
		};
		020824E226B9EF1000F087A0 /* Debug */ = {
			isa = XCBuildConfiguration;
			buildSettings = {
				ALWAYS_EMBED_SWIFT_STANDARD_LIBRARIES = YES;
				BUNDLE_LOADER = "$(TEST_HOST)";
				CODE_SIGN_STYLE = Automatic;
				DEVELOPMENT_TEAM = F235TS3Y5U;
				INFOPLIST_FILE = ecoGiftsTests/Info.plist;
				IPHONEOS_DEPLOYMENT_TARGET = 14.5;
				LD_RUNPATH_SEARCH_PATHS = (
					"$(inherited)",
					"@executable_path/Frameworks",
					"@loader_path/Frameworks",
				);
				PRODUCT_BUNDLE_IDENTIFIER = xyz.abbyfischler.ecoGiftsTests;
				PRODUCT_NAME = "$(TARGET_NAME)";
				SWIFT_VERSION = 5.0;
				TARGETED_DEVICE_FAMILY = "1,2";
				TEST_HOST = "$(BUILT_PRODUCTS_DIR)/ecoGifts.app/ecoGifts";
			};
			name = Debug;
		};
		020824E326B9EF1000F087A0 /* Release */ = {
			isa = XCBuildConfiguration;
			buildSettings = {
				ALWAYS_EMBED_SWIFT_STANDARD_LIBRARIES = YES;
				BUNDLE_LOADER = "$(TEST_HOST)";
				CODE_SIGN_STYLE = Automatic;
				DEVELOPMENT_TEAM = F235TS3Y5U;
				INFOPLIST_FILE = ecoGiftsTests/Info.plist;
				IPHONEOS_DEPLOYMENT_TARGET = 14.5;
				LD_RUNPATH_SEARCH_PATHS = (
					"$(inherited)",
					"@executable_path/Frameworks",
					"@loader_path/Frameworks",
				);
				PRODUCT_BUNDLE_IDENTIFIER = xyz.abbyfischler.ecoGiftsTests;
				PRODUCT_NAME = "$(TARGET_NAME)";
				SWIFT_VERSION = 5.0;
				TARGETED_DEVICE_FAMILY = "1,2";
				TEST_HOST = "$(BUILT_PRODUCTS_DIR)/ecoGifts.app/ecoGifts";
			};
			name = Release;
		};
		020824E526B9EF1000F087A0 /* Debug */ = {
			isa = XCBuildConfiguration;
			buildSettings = {
				ALWAYS_EMBED_SWIFT_STANDARD_LIBRARIES = YES;
				CODE_SIGN_STYLE = Automatic;
				DEVELOPMENT_TEAM = F235TS3Y5U;
				INFOPLIST_FILE = ecoGiftsUITests/Info.plist;
				LD_RUNPATH_SEARCH_PATHS = (
					"$(inherited)",
					"@executable_path/Frameworks",
					"@loader_path/Frameworks",
				);
				PRODUCT_BUNDLE_IDENTIFIER = xyz.abbyfischler.ecoGiftsUITests;
				PRODUCT_NAME = "$(TARGET_NAME)";
				SWIFT_VERSION = 5.0;
				TARGETED_DEVICE_FAMILY = "1,2";
				TEST_TARGET_NAME = ecoGifts;
			};
			name = Debug;
		};
		020824E626B9EF1000F087A0 /* Release */ = {
			isa = XCBuildConfiguration;
			buildSettings = {
				ALWAYS_EMBED_SWIFT_STANDARD_LIBRARIES = YES;
				CODE_SIGN_STYLE = Automatic;
				DEVELOPMENT_TEAM = F235TS3Y5U;
				INFOPLIST_FILE = ecoGiftsUITests/Info.plist;
				LD_RUNPATH_SEARCH_PATHS = (
					"$(inherited)",
					"@executable_path/Frameworks",
					"@loader_path/Frameworks",
				);
				PRODUCT_BUNDLE_IDENTIFIER = xyz.abbyfischler.ecoGiftsUITests;
				PRODUCT_NAME = "$(TARGET_NAME)";
				SWIFT_VERSION = 5.0;
				TARGETED_DEVICE_FAMILY = "1,2";
				TEST_TARGET_NAME = ecoGifts;
			};
			name = Release;
		};
/* End XCBuildConfiguration section */

/* Begin XCConfigurationList section */
		020824AC26B9EF0E00F087A0 /* Build configuration list for PBXProject "ecoGifts" */ = {
			isa = XCConfigurationList;
			buildConfigurations = (
				020824DC26B9EF1000F087A0 /* Debug */,
				020824DD26B9EF1000F087A0 /* Release */,
			);
			defaultConfigurationIsVisible = 0;
			defaultConfigurationName = Release;
		};
		020824DE26B9EF1000F087A0 /* Build configuration list for PBXNativeTarget "ecoGifts" */ = {
			isa = XCConfigurationList;
			buildConfigurations = (
				020824DF26B9EF1000F087A0 /* Debug */,
				020824E026B9EF1000F087A0 /* Release */,
			);
			defaultConfigurationIsVisible = 0;
			defaultConfigurationName = Release;
		};
		020824E126B9EF1000F087A0 /* Build configuration list for PBXNativeTarget "ecoGiftsTests" */ = {
			isa = XCConfigurationList;
			buildConfigurations = (
				020824E226B9EF1000F087A0 /* Debug */,
				020824E326B9EF1000F087A0 /* Release */,
			);
			defaultConfigurationIsVisible = 0;
			defaultConfigurationName = Release;
		};
		020824E426B9EF1000F087A0 /* Build configuration list for PBXNativeTarget "ecoGiftsUITests" */ = {
			isa = XCConfigurationList;
			buildConfigurations = (
				020824E526B9EF1000F087A0 /* Debug */,
				020824E626B9EF1000F087A0 /* Release */,
			);
			defaultConfigurationIsVisible = 0;
			defaultConfigurationName = Release;
		};
/* End XCConfigurationList section */

/* Begin XCVersionGroup section */
		020824BD26B9EF0E00F087A0 /* ecoGifts.xcdatamodeld */ = {
			isa = XCVersionGroup;
			children = (
				020824BE26B9EF0E00F087A0 /* ecoGifts.xcdatamodel */,
			);
			currentVersion = 020824BE26B9EF0E00F087A0 /* ecoGifts.xcdatamodel */;
			path = ecoGifts.xcdatamodeld;
			sourceTree = "<group>";
			versionGroupType = wrapper.xcdatamodel;
		};
/* End XCVersionGroup section */
	};
	rootObject = 020824A926B9EF0E00F087A0 /* Project object */;
}
